
Microsoft Visual Studio Solution File, Format Version 12.00
# Visual Studio 15
VisualStudioVersion = 15.0.27703.2026
MinimumVisualStudioVersion = 10.0.40219.1
Project("{FAE04EC0-301F-11D3-BF4B-00C04F79EFBC}") = "DawidRosa", "DawidRosa\DawidRosa.csproj", "{8163DACD-A9EA-4618-B9CD-7EE99316C25A}"
EndProject
Global
	GlobalSection(SolutionConfigurationPlatforms) = preSolution
		Debug|Any CPU = Debug|Any CPU
		Release|Any CPU = Release|Any CPU
	EndGlobalSection
	GlobalSection(ProjectConfigurationPlatforms) = postSolution
		{8163DACD-A9EA-4618-B9CD-7EE99316C25A}.Debug|Any CPU.ActiveCfg = Debug|Any CPU
		{8163DACD-A9EA-4618-B9CD-7EE99316C25A}.Debug|Any CPU.Build.0 = Debug|Any CPU
		{8163DACD-A9EA-4618-B9CD-7EE99316C25A}.Release|Any CPU.ActiveCfg = Release|Any CPU
		{8163DACD-A9EA-4618-B9CD-7EE99316C25A}.Release|Any CPU.Build.0 = Release|Any CPU
	EndGlobalSection
	GlobalSection(SolutionProperties) = preSolution
		HideSolutionNode = FALSE
	EndGlobalSection
	GlobalSection(ExtensibilityGlobals) = postSolution
		SolutionGuid = {F2BC314D-9528-450E-8852-FADBD336EA5C}
	EndGlobalSection
EndGlobal
